
Microsoft Visual Studio Solution File, Format Version 12.00
# Visual Studio 15
VisualStudioVersion = 15.0.28010.2026
MinimumVisualStudioVersion = 10.0.40219.1
Project("{FAE04EC0-301F-11D3-BF4B-00C04F79EFBC}") = "FormClient", "FormClient\FormClient.csproj", "{7DA80122-9998-44AD-96FA-BB44ADDFA704}"
EndProject
Global
	GlobalSection(SolutionConfigurationPlatforms) = preSolution
		Debug|Any CPU = Debug|Any CPU
		Release|Any CPU = Release|Any CPU
	EndGlobalSection
	GlobalSection(ProjectConfigurationPlatforms) = postSolution
		{7DA80122-9998-44AD-96FA-BB44ADDFA704}.Debug|Any CPU.ActiveCfg = Debug|Any CPU
		{7DA80122-9998-44AD-96FA-BB44ADDFA704}.Debug|Any CPU.Build.0 = Debug|Any CPU
		{7DA80122-9998-44AD-96FA-BB44ADDFA704}.Release|Any CPU.ActiveCfg = Release|Any CPU
		{7DA80122-9998-44AD-96FA-BB44ADDFA704}.Release|Any CPU.Build.0 = Release|Any CPU
	EndGlobalSection
	GlobalSection(SolutionProperties) = preSolution
		HideSolutionNode = FALSE
	EndGlobalSection
	GlobalSection(ExtensibilityGlobals) = postSolution
		SolutionGuid = {E13C359C-3550-4103-BB1F-2BCD180B1E44}
	EndGlobalSection
EndGlobal
